# Generated by scripts/vendor-tools.sh — do not hand-edit.
# What this image was built from. Fields: artifact version sha256 source_commit
# Channel: manifest.toml consumed from the depot channel root.
myclickup.skill 0.6.1 7018086e0311cd1e6019fab448cbf75c09ed1913a5f99d7f254b5b9ab79b4926 48f83be53cd8ad58c54505050a864f42cf635957
myclickup.wheel 0.6.1 2a39fd58a62e8c396f7d95a09d9d186eae7f40e1af5d398e883b482bfec18274 48f83be53cd8ad58c54505050a864f42cf635957
myconv.tree 0.7.0 2e67f50c3aa9968e5dddfd4089739a8a3c770acb5bdfdc36ba5d1e97038e9e2e d2b3d0435b9b7b13ecc08b1e38e7981450503ff4
